<Solution>
  <Project Path="CS_Test_MaterialDesignInXamlToolkit/CS_Test_MaterialDesignInXamlToolkit.csproj" />
  <Project Path="CS_Test_MaterialDesignInXamlToolkit2/CS_Test_MaterialDesignInXamlToolkit2.csproj" />
  <Project Path="CS_Test_MaterialDesignInXamlToolkit3/CS_Test_MaterialDesignInXamlToolkit3.csproj" />
</Solution>
